
Microsoft Visual Studio Solution File, Format Version 12.00
# Visual Studio Version 16
VisualStudioVersion = 16.0.31911.196
MinimumVisualStudioVersion = 10.0.40219.1
Project("{9A19103F-16F7-4668-BE54-9A1E7A4F7556}") = "Lesson1AndLesson2", "Lesson1AndLesson2.csproj", "{DB9B930C-66B9-4DFA-8A0C-1968CA5181A6}"
EndProject
Global
	GlobalSection(SolutionConfigurationPlatforms) = preSolution
		Debug|Any CPU = Debug|Any CPU
		Release|Any CPU = Release|Any CPU
	EndGlobalSection
	GlobalSection(ProjectConfigurationPlatforms) = postSolution
		{DB9B930C-66B9-4DFA-8A0C-1968CA5181A6}.Debug|Any CPU.ActiveCfg = Debug|Any CPU
		{DB9B930C-66B9-4DFA-8A0C-1968CA5181A6}.Debug|Any CPU.Build.0 = Debug|Any CPU
		{DB9B930C-66B9-4DFA-8A0C-1968CA5181A6}.Release|Any CPU.ActiveCfg = Release|Any CPU
		{DB9B930C-66B9-4DFA-8A0C-1968CA5181A6}.Release|Any CPU.Build.0 = Release|Any CPU
	EndGlobalSection
	GlobalSection(SolutionProperties) = preSolution
		HideSolutionNode = FALSE
	EndGlobalSection
	GlobalSection(ExtensibilityGlobals) = postSolution
		SolutionGuid = {B7F4ACD5-D2A9-446D-80A7-867E65694293}
	EndGlobalSection
EndGlobal
